
Microsoft Visual Studio Solution File, Format Version 12.00
# Visual Studio 15
VisualStudioVersion = 15.0.27703.2035
MinimumVisualStudioVersion = 10.0.40219.1
Project("{2150E333-8FDC-42A3-9474-1A3956D46DE8}") = "src", "src", "{F03D509E-7464-4493-B2C7-7D0DA9D89254}"
EndProject
Project("{2150E333-8FDC-42A3-9474-1A3956D46DE8}") = "Services", "Services", "{2046691A-3CB0-40E9-9128-DF28B71AD4FC}"
EndProject
Project("{2150E333-8FDC-42A3-9474-1A3956D46DE8}") = "Web Apps", "Web Apps", "{4453D246-10C9-4C0E-AA7D-3EA65A877614}"
EndProject
Project("{9A19103F-16F7-4668-BE54-9A1E7A4F7556}") = "BeerAppreciation.Web", "src\WebApps\WebSPA.React\BeerAppreciation.Web.csproj", "{CE2F8ED7-2F8D-47EF-BA23-E5D67A048F63}"
EndProject
Project("{2150E333-8FDC-42A3-9474-1A3956D46DE8}") = "Catalog", "Catalog", "{9EEEE30B-D608-44EA-B677-02C0D7A7441F}"
EndProject
Project("{9A19103F-16F7-4668-BE54-9A1E7A4F7556}") = "Catalog.API", "src\Services\Catalog\Catalog.API\Catalog.API.csproj", "{E5907455-6250-4399-9486-F29E7A2A3862}"
EndProject
Project("{E53339B2-1760-4266-BCC7-CA923CBCF16C}") = "docker-compose", "docker-compose.dcproj", "{0D3D4936-D9A3-4FF1-A75B-4526B3868B7D}"
EndProject
Project("{2150E333-8FDC-42A3-9474-1A3956D46DE8}") = "Core", "Core", "{DAA5F9D5-8261-4C62-AF49-5CFFA13DEA3B}"
EndProject
Project("{2150E333-8FDC-42A3-9474-1A3956D46DE8}") = "EventBus", "EventBus", "{FBB3D6D0-1A13-4F3D-B405-7E301BFD7460}"
EndProject
Project("{9A19103F-16F7-4668-BE54-9A1E7A4F7556}") = "EventBus", "src\Core\EventBus\EventBus\EventBus.csproj", "{2B0A2738-5802-4180-89AE-5B3AB4E83D10}"
EndProject
Project("{2150E333-8FDC-42A3-9474-1A3956D46DE8}") = "WebHost", "WebHost", "{D777A00B-F815-4B07-A1A7-DE015B874534}"
EndProject
Project("{9A19103F-16F7-4668-BE54-9A1E7A4F7556}") = "WebHost.Customization", "src\Core\WebHost\WebHost.Customization\WebHost.Customization.csproj", "{DDD5DC5E-0470-46EB-940D-DE51DFCDD658}"
EndProject
Project("{2150E333-8FDC-42A3-9474-1A3956D46DE8}") = "Solution Items", "Solution Items", "{224A7E3E-CB5A-458D-9808-A10F60AD46EA}"
	ProjectSection(SolutionItems) = preProject
		.env = .env
		NuGet.config = NuGet.config
	EndProjectSection
EndProject
Global
	GlobalSection(SolutionConfigurationPlatforms) = preSolution
		Debug|Any CPU = Debug|Any CPU
		Release|Any CPU = Release|Any CPU
	EndGlobalSection
	GlobalSection(ProjectConfigurationPlatforms) = postSolution
		{CE2F8ED7-2F8D-47EF-BA23-E5D67A048F63}.Debug|Any CPU.ActiveCfg = Debug|Any CPU
		{CE2F8ED7-2F8D-47EF-BA23-E5D67A048F63}.Debug|Any CPU.Build.0 = Debug|Any CPU
		{CE2F8ED7-2F8D-47EF-BA23-E5D67A048F63}.Release|Any CPU.ActiveCfg = Release|Any CPU
		{CE2F8ED7-2F8D-47EF-BA23-E5D67A048F63}.Release|Any CPU.Build.0 = Release|Any CPU
		{E5907455-6250-4399-9486-F29E7A2A3862}.Debug|Any CPU.ActiveCfg = Debug|Any CPU
		{E5907455-6250-4399-9486-F29E7A2A3862}.Debug|Any CPU.Build.0 = Debug|Any CPU
		{E5907455-6250-4399-9486-F29E7A2A3862}.Release|Any CPU.ActiveCfg = Release|Any CPU
		{E5907455-6250-4399-9486-F29E7A2A3862}.Release|Any CPU.Build.0 = Release|Any CPU
		{0D3D4936-D9A3-4FF1-A75B-4526B3868B7D}.Debug|Any CPU.ActiveCfg = Debug|Any CPU
		{0D3D4936-D9A3-4FF1-A75B-4526B3868B7D}.Debug|Any CPU.Build.0 = Debug|Any CPU
		{0D3D4936-D9A3-4FF1-A75B-4526B3868B7D}.Release|Any CPU.ActiveCfg = Release|Any CPU
		{0D3D4936-D9A3-4FF1-A75B-4526B3868B7D}.Release|Any CPU.Build.0 = Release|Any CPU
		{2B0A2738-5802-4180-89AE-5B3AB4E83D10}.Debug|Any CPU.ActiveCfg = Debug|Any CPU
		{2B0A2738-5802-4180-89AE-5B3AB4E83D10}.Debug|Any CPU.Build.0 = Debug|Any CPU
		{2B0A2738-5802-4180-89AE-5B3AB4E83D10}.Release|Any CPU.ActiveCfg = Release|Any CPU
		{2B0A2738-5802-4180-89AE-5B3AB4E83D10}.Release|Any CPU.Build.0 = Release|Any CPU
		{DDD5DC5E-0470-46EB-940D-DE51DFCDD658}.Debug|Any CPU.ActiveCfg = Debug|Any CPU
		{DDD5DC5E-0470-46EB-940D-DE51DFCDD658}.Debug|Any CPU.Build.0 = Debug|Any CPU
		{DDD5DC5E-0470-46EB-940D-DE51DFCDD658}.Release|Any CPU.ActiveCfg = Release|Any CPU
		{DDD5DC5E-0470-46EB-940D-DE51DFCDD658}.Release|Any CPU.Build.0 = Release|Any CPU
	EndGlobalSection
	GlobalSection(SolutionProperties) = preSolution
		HideSolutionNode = FALSE
	EndGlobalSection
	GlobalSection(NestedProjects) = preSolution
		{2046691A-3CB0-40E9-9128-DF28B71AD4FC} = {F03D509E-7464-4493-B2C7-7D0DA9D89254}
		{4453D246-10C9-4C0E-AA7D-3EA65A877614} = {F03D509E-7464-4493-B2C7-7D0DA9D89254}
		{CE2F8ED7-2F8D-47EF-BA23-E5D67A048F63} = {4453D246-10C9-4C0E-AA7D-3EA65A877614}
		{9EEEE30B-D608-44EA-B677-02C0D7A7441F} = {2046691A-3CB0-40E9-9128-DF28B71AD4FC}
		{E5907455-6250-4399-9486-F29E7A2A3862} = {9EEEE30B-D608-44EA-B677-02C0D7A7441F}
		{DAA5F9D5-8261-4C62-AF49-5CFFA13DEA3B} = {F03D509E-7464-4493-B2C7-7D0DA9D89254}
		{FBB3D6D0-1A13-4F3D-B405-7E301BFD7460} = {DAA5F9D5-8261-4C62-AF49-5CFFA13DEA3B}
		{2B0A2738-5802-4180-89AE-5B3AB4E83D10} = {FBB3D6D0-1A13-4F3D-B405-7E301BFD7460}
		{D777A00B-F815-4B07-A1A7-DE015B874534} = {DAA5F9D5-8261-4C62-AF49-5CFFA13DEA3B}
		{DDD5DC5E-0470-46EB-940D-DE51DFCDD658} = {D777A00B-F815-4B07-A1A7-DE015B874534}
	EndGlobalSection
	GlobalSection(ExtensibilityGlobals) = postSolution
		SolutionGuid = {8A62717D-ECBB-4A26-80CE-E50B49D0F196}
	EndGlobalSection
EndGlobal
